// !$*UTF8*$!
{
	archiveVersion = 1;
	classes = {
	};
	objectVersion = 46;
	objects = {

/* Begin PBXBuildFile section */
		EA4F95201BE1CA4500FEC15D /* main.m in Sources */ = {isa = PBXBuildFile; fileRef = EA4F951F1BE1CA4500FEC15D /* main.m */; };
		EA4F95231BE1CA4500FEC15D /* AppDelegate.m in Sources */ = {isa = PBXBuildFile; fileRef = EA4F95221BE1CA4500FEC15D /* AppDelegate.m */; };
		EA4F95261BE1CA4500FEC15D /* ViewController.m in Sources */ = {isa = PBXBuildFile; fileRef = EA4F95251BE1CA4500FEC15D /* ViewController.m */; };
		EA4F95291BE1CA4500FEC15D /* Main.storyboard in Resources */ = {isa = PBXBuildFile; fileRef = EA4F95271BE1CA4500FEC15D /* Main.storyboard */; };
		EA4F952B1BE1CA4500FEC15D /* Assets.xcassets in Resources */ = {isa = PBXBuildFile; fileRef = EA4F952A1BE1CA4500FEC15D /* Assets.xcassets */; };
		EA4F952E1BE1CA4500FEC15D /* LaunchScreen.storyboard in Resources */ = {isa = PBXBuildFile; fileRef = EA4F952C1BE1CA4500FEC15D /* LaunchScreen.storyboard */; };
		EA4F95371BE1D59700FEC15D /* LocationTool.m in Sources */ = {isa = PBXBuildFile; fileRef = EA4F95361BE1D59700FEC15D /* LocationTool.m */; };
/* End PBXBuildFile section */

/* Begin PBXFileReference section */
		EA4F951B1BE1CA4500FEC15D /* 123.app */ = {isa = PBXFileReference; explicitFileType = wrapper.application; includeInIndex = 0; path = 123.app; sourceTree = BUILT_PRODUCTS_DIR; };
		EA4F951F1BE1CA4500FEC15D /* main.m */ = {isa = PBXFileReference; lastKnownFileType = sourcecode.c.objc; path = main.m; sourceTree = "<group>"; };
		EA4F95211BE1CA4500FEC15D /* AppDelegate.h */ = {isa = PBXFileReference; lastKnownFileType = sourcecode.c.h; path = AppDelegate.h; sourceTree = "<group>"; };
		EA4F95221BE1CA4500FEC15D /* AppDelegate.m */ = {isa = PBXFileReference; lastKnownFileType = sourcecode.c.objc; path = AppDelegate.m; sourceTree = "<group>"; };
		EA4F95241BE1CA4500FEC15D /* ViewController.h */ = {isa = PBXFileReference; lastKnownFileType = sourcecode.c.h; path = ViewController.h; sourceTree = "<group>"; };
		EA4F95251BE1CA4500FEC15D /* ViewController.m */ = {isa = PBXFileReference; lastKnownFileType = sourcecode.c.objc; path = ViewController.m; sourceTree = "<group>"; };
		EA4F95281BE1CA4500FEC15D /* Base */ = {isa = PBXFileReference; lastKnownFileType = file.storyboard; name = Base; path = Base.lproj/Main.storyboard; sourceTree = "<group>"; };
		EA4F952A1BE1CA4500FEC15D /* Assets.xcassets */ = {isa = PBXFileReference; lastKnownFileType = folder.assetcatalog; path = Assets.xcassets; sourceTree = "<group>"; };
		EA4F952D1BE1CA4500FEC15D /* Base */ = {isa = PBXFileReference; lastKnownFileType = file.storyboard; name = Base; path = Base.lproj/LaunchScreen.storyboard; sourceTree = "<group>"; };
		EA4F952F1BE1CA4500FEC15D /* Info.plist */ = {isa = PBXFileReference; lastKnownFileType = text.plist.xml; path = Info.plist; sourceTree = "<group>"; };
		EA4F95351BE1D59700FEC15D /* LocationTool.h */ = {isa = PBXFileReference; fileEncoding = 4; lastKnownFileType = sourcecode.c.h; path = LocationTool.h; sourceTree = "<group>"; };
		EA4F95361BE1D59700FEC15D /* LocationTool.m */ = {isa = PBXFileReference; fileEncoding = 4; lastKnownFileType = sourcecode.c.objc; path = LocationTool.m; sourceTree = "<group>"; };
/* End PBXFileReference section */

/* Begin PBXFrameworksBuildPhase section */
		EA4F95181BE1CA4500FEC15D /* Frameworks */ = {
			isa = PBXFrameworksBuildPhase;
			buildActionMask = 2147483647;
			files = (
			);
			runOnlyForDeploymentPostprocessing = 0;
		};
/* End PBXFrameworksBuildPhase section */

/* Begin PBXGroup section */
		EA4F95121BE1CA4500FEC15D = {
			isa = PBXGroup;
			children = (
				EA4F951D1BE1CA4500FEC15D /* 123 */,
				EA4F951C1BE1CA4500FEC15D /* Products */,
			);
			sourceTree = "<group>";
		};
		EA4F951C1BE1CA4500FEC15D /* Products */ = {
			isa = PBXGroup;
			children = (
				EA4F951B1BE1CA4500FEC15D /* 123.app */,
			);
			name = Products;
			sourceTree = "<group>";
		};
		EA4F951D1BE1CA4500FEC15D /* 123 */ = {
			isa = PBXGroup;
			children = (
				EA4F95211BE1CA4500FEC15D /* AppDelegate.h */,
				EA4F95221BE1CA4500FEC15D /* AppDelegate.m */,
				EA4F95241BE1CA4500FEC15D /* ViewController.h */,
				EA4F95251BE1CA4500FEC15D /* ViewController.m */,
				EA4F95351BE1D59700FEC15D /* LocationTool.h */,
				EA4F95361BE1D59700FEC15D /* LocationTool.m */,
				EA4F95271BE1CA4500FEC15D /* Main.storyboard */,
				EA4F952A1BE1CA4500FEC15D /* Assets.xcassets */,
				EA4F952C1BE1CA4500FEC15D /* LaunchScreen.storyboard */,
				EA4F952F1BE1CA4500FEC15D /* Info.plist */,
				EA4F951E1BE1CA4500FEC15D /* Supporting Files */,
			);
			path = 123;
			sourceTree = "<group>";
		};
		EA4F951E1BE1CA4500FEC15D /* Supporting Files */ = {
			isa = PBXGroup;
			children = (
				EA4F951F1BE1CA4500FEC15D /* main.m */,
			);
			name = "Supporting Files";
			sourceTree = "<group>";
		};
/* End PBXGroup section */

/* Begin PBXNativeTarget section */
		EA4F951A1BE1CA4500FEC15D /* 123 */ = {
			isa = PBXNativeTarget;
			buildConfigurationList = EA4F95321BE1CA4500FEC15D /* Build configuration list for PBXNativeTarget "123" */;
			buildPhases = (
				EA4F95171BE1CA4500FEC15D /* Sources */,
				EA4F95181BE1CA4500FEC15D /* Frameworks */,
				EA4F95191BE1CA4500FEC15D /* Resources */,
			);
			buildRules = (
			);
			dependencies = (
			);
			name = 123;
			productName = 123;
			productReference = EA4F951B1BE1CA4500FEC15D /* 123.app */;
			productType = "com.apple.product-type.application";
		};
/* End PBXNativeTarget section */

/* Begin PBXProject section */
		EA4F95131BE1CA4500FEC15D /* Project object */ = {
			isa = PBXProject;
			attributes = {
				LastUpgradeCheck = 0710;
				ORGANIZATIONNAME = liman;
				TargetAttributes = {
					EA4F951A1BE1CA4500FEC15D = {
						CreatedOnToolsVersion = 7.1;
					};
				};
			};
			buildConfigurationList = EA4F95161BE1CA4500FEC15D /* Build configuration list for PBXProject "123" */;
			compatibilityVersion = "Xcode 3.2";
			developmentRegion = English;
			hasScannedForEncodings = 0;
			knownRegions = (
				en,
				Base,
			);
			mainGroup = EA4F95121BE1CA4500FEC15D;
			productRefGroup = EA4F951C1BE1CA4500FEC15D /* Products */;
			projectDirPath = "";
			projectRoot = "";
			targets = (
				EA4F951A1BE1CA4500FEC15D /* 123 */,
			);
		};
/* End PBXProject section */

/* Begin PBXResourcesBuildPhase section */
		EA4F95191BE1CA4500FEC15D /* Resources */ = {
			isa = PBXResourcesBuildPhase;
			buildActionMask = 2147483647;
			files = (
				EA4F952E1BE1CA4500FEC15D /* LaunchScreen.storyboard in Resources */,
				EA4F952B1BE1CA4500FEC15D /* Assets.xcassets in Resources */,
				EA4F95291BE1CA4500FEC15D /* Main.storyboard in Resources */,
			);
			runOnlyForDeploymentPostprocessing = 0;
		};
/* End PBXResourcesBuildPhase section */

/* Begin PBXSourcesBuildPhase section */
		EA4F95171BE1CA4500FEC15D /* Sources */ = {
			isa = PBXSourcesBuildPhase;
			buildActionMask = 2147483647;
			files = (
				EA4F95371BE1D59700FEC15D /* LocationTool.m in Sources */,
				EA4F95261BE1CA4500FEC15D /* ViewController.m in Sources */,
				EA4F95231BE1CA4500FEC15D /* AppDelegate.m in Sources */,
				EA4F95201BE1CA4500FEC15D /* main.m in Sources */,
			);
			runOnlyForDeploymentPostprocessing = 0;
		};
/* End PBXSourcesBuildPhase section */

/* Begin PBXVariantGroup section */
		EA4F95271BE1CA4500FEC15D /* Main.storyboard */ = {
			isa = PBXVariantGroup;
			children = (
				EA4F95281BE1CA4500FEC15D /* Base */,
			);
			name = Main.storyboard;
			sourceTree = "<group>";
		};
		EA4F952C1BE1CA4500FEC15D /* LaunchScreen.storyboard */ = {
			isa = PBXVariantGroup;
			children = (
				EA4F952D1BE1CA4500FEC15D /* Base */,
			);
			name = LaunchScreen.storyboard;
			sourceTree = "<group>";
		};
/* End PBXVariantGroup section */

/* Begin XCBuildConfiguration section */
		EA4F95301BE1CA4500FEC15D /* Debug */ = {
			isa = XCBuildConfiguration;
			buildSettings = {
				ALWAYS_SEARCH_USER_PATHS = NO;
				CLANG_CXX_LANGUAGE_STANDARD = "gnu++0x";
				CLANG_CXX_LIBRARY = "libc++";
				CLANG_ENABLE_MODULES = YES;
				CLANG_ENABLE_OBJC_ARC = YES;
				CLANG_WARN_BOOL_CONVERSION = YES;
				CLANG_WARN_CONSTANT_CONVERSION = YES;
				CLANG_WARN_DIRECT_OBJC_ISA_USAGE = YES_ERROR;
				CLANG_WARN_EMPTY_BODY = YES;
				CLANG_WARN_ENUM_CONVERSION = YES;
				CLANG_WARN_INT_CONVERSION = YES;
				CLANG_WARN_OBJC_ROOT_CLASS = YES_ERROR;
				CLANG_WARN_UNREACHABLE_CODE = YES;
				CLANG_WARN__DUPLICATE_METHOD_MATCH = YES;
				"CODE_SIGN_IDENTITY[sdk=iphoneos*]" = "iPhone Developer";
				COPY_PHASE_STRIP = NO;
				DEBUG_INFORMATION_FORMAT = dwarf;
				ENABLE_STRICT_OBJC_MSGSEND = YES;
				ENABLE_TESTABILITY = YES;
				GCC_C_LANGUAGE_STANDARD = gnu99;
				GCC_DYNAMIC_NO_PIC = NO;
				GCC_NO_COMMON_BLOCKS = YES;
				GCC_OPTIMIZATION_LEVEL = 0;
				GCC_PREPROCESSOR_DEFINITIONS = (
					"DEBUG=1",
					"$(inherited)",
				);
				GCC_WARN_64_TO_32_BIT_CONVERSION = YES;
				GCC_WARN_ABOUT_RETURN_TYPE = YES_ERROR;
				GCC_WARN_UNDECLARED_SELECTOR = YES;
				GCC_WARN_UNINITIALIZED_AUTOS = YES_AGGRESSIVE;
				GCC_WARN_UNUSED_FUNCTION = YES;
				GCC_WARN_UNUSED_VARIABLE = YES;
				IPHONEOS_DEPLOYMENT_TARGET = 9.1;
				MTL_ENABLE_DEBUG_INFO = YES;
				ONLY_ACTIVE_ARCH = YES;
				SDKROOT = iphoneos;
			};
			name = Debug;
		};
		EA4F95311BE1CA4500FEC15D /* Release */ = {
			isa = XCBuildConfiguration;
			buildSettings = {
				ALWAYS_SEARCH_USER_PATHS = NO;
				CLANG_CXX_LANGUAGE_STANDARD = "gnu++0x";
				CLANG_CXX_LIBRARY = "libc++";
				CLANG_ENABLE_MODULES = YES;
				CLANG_ENABLE_OBJC_ARC = YES;
				CLANG_WARN_BOOL_CONVERSION = YES;
				CLANG_WARN_CONSTANT_CONVERSION = YES;
				CLANG_WARN_DIRECT_OBJC_ISA_USAGE = YES_ERROR;
				CLANG_WARN_EMPTY_BODY = YES;
				CLANG_WARN_ENUM_CONVERSION = YES;
				CLANG_WARN_INT_CONVERSION = YES;
				CLANG_WARN_OBJC_ROOT_CLASS = YES_ERROR;
				CLANG_WARN_UNREACHABLE_CODE = YES;
				CLANG_WARN__DUPLICATE_METHOD_MATCH = YES;
				"CODE_SIGN_IDENTITY[sdk=iphoneos*]" = "iPhone Developer";
				COPY_PHASE_STRIP = NO;
				DEBUG_INFORMATION_FORMAT = "dwarf-with-dsym";
				ENABLE_NS_ASSERTIONS = NO;
				ENABLE_STRICT_OBJC_MSGSEND = YES;
				GCC_C_LANGUAGE_STANDARD = gnu99;
				GCC_NO_COMMON_BLOCKS = YES;
				GCC_WARN_64_TO_32_BIT_CONVERSION = YES;
				GCC_WARN_ABOUT_RETURN_TYPE = YES_ERROR;
				GCC_WARN_UNDECLARED_SELECTOR = YES;
				GCC_WARN_UNINITIALIZED_AUTOS = YES_AGGRESSIVE;
				GCC_WARN_UNUSED_FUNCTION = YES;
				GCC_WARN_UNUSED_VARIABLE = YES;
				IPHONEOS_DEPLOYMENT_TARGET = 9.1;
				MTL_ENABLE_DEBUG_INFO = NO;
				SDKROOT = iphoneos;
				VALIDATE_PRODUCT = YES;
			};
			name = Release;
		};
		EA4F95331BE1CA4500FEC15D /* Debug */ = {
			isa = XCBuildConfiguration;
			buildSettings = {
				ASSETCATALOG_COMPILER_APPICON_NAME = AppIcon;
				INFOPLIST_FILE = 123/Info.plist;
				LD_RUNPATH_SEARCH_PATHS = "$(inherited) @executable_path/Frameworks";
				PRODUCT_BUNDLE_IDENTIFIER = "liman.com.-23";
				PRODUCT_NAME = "$(TARGET_NAME)";
			};
			name = Debug;
		};
		EA4F95341BE1CA4500FEC15D /* Release */ = {
			isa = XCBuildConfiguration;
			buildSettings = {
				ASSETCATALOG_COMPILER_APPICON_NAME = AppIcon;
				INFOPLIST_FILE = 123/Info.plist;
				LD_RUNPATH_SEARCH_PATHS = "$(inherited) @executable_path/Frameworks";
				PRODUCT_BUNDLE_IDENTIFIER = "liman.com.-23";
				PRODUCT_NAME = "$(TARGET_NAME)";
			};
			name = Release;
		};
/* End XCBuildConfiguration section */

/* Begin XCConfigurationList section */
		EA4F95161BE1CA4500FEC15D /* Build configuration list for PBXProject "123" */ = {
			isa = XCConfigurationList;
			buildConfigurations = (
				EA4F95301BE1CA4500FEC15D /* Debug */,
				EA4F95311BE1CA4500FEC15D /* Release */,
			);
			defaultConfigurationIsVisible = 0;
			defaultConfigurationName = Release;
		};
		EA4F95321BE1CA4500FEC15D /* Build configuration list for PBXNativeTarget "123" */ = {
			isa = XCConfigurationList;
			buildConfigurations = (
				EA4F95331BE1CA4500FEC15D /* Debug */,
				EA4F95341BE1CA4500FEC15D /* Release */,
			);
			defaultConfigurationIsVisible = 0;
			defaultConfigurationName = Release;
		};
/* End XCConfigurationList section */
	};
	rootObject = EA4F95131BE1CA4500FEC15D /* Project object */;
}
